github.com/reima-ecom/reima-theme/v2 v2.18.3 h1:eaeYDliGXzm8orBBWEV8CWSoaFJaNyU+Gr4cTPzkNkY=
github.com/reima-ecom/reima-theme/v2 v2.18.3/go.mod h1:qSn79c6jXvrwrRMfZ7idnWYEppdjhXlvowHXKUa84VM=
github.com/reima-ecom/reima-theme/v2 v2.19.0 h1:lPBjWQyzIu3fBXJ160TUzKE4Y0HtWMqhRvisLOZ6Ep4=
github.com/reima-ecom/reima-theme/v2 v2.19.0/go.mod h1:qSn79c6jXvrwrRMfZ7idnWYEppdjhXlvowHXKUa84VM=
github.com/reima-ecom/reima-theme/v2 v2.19.1 h1:ObjEJHQNkH59+htBlRz9qYMR1iOIof4lzsDqQOJpYzs=
github.com/reima-ecom/reima-theme/v2 v2.19.1/go.mod h1:qSn79c6jXvrwrRMfZ7idnWYEppdjhXlvowHXKUa84VM=
github.com/reima-ecom/reima-theme/v2 v2.19.2 h1:dzBt9RqQRbOwVequFCeap1JYu5UB6VwNmL2Pngx+7Ok=
github.com/reima-ecom/reima-theme/v2 v2.19.2/go.mod h1:qSn79c6jXvrwrRMfZ7idnWYEppdjhXlvowHXKUa84VM=
github.com/reima-ecom/reima-theme/v2 v2.20.0 h1:4WmKsSLwFeG+wS+eekK0orF2FUjsxuZ7lR1mAhwC3j0=
github.com/reima-ecom/reima-theme/v2 v2.20.0/go.mod h1:qSn79c6jXvrwrRMfZ7idnWYEppdjhXlvowHXKUa84VM=
github.com/reima-ecom/reima-theme/v2 v2.20.1 h1:3APx95CLkOFCnNxkuHRbZsZPPP4KRL8B+IGuVPPMEtg=
github.com/reima-ecom/reima-theme/v2 v2.20.1/go.mod h1:qSn79c6jXvrwrRMfZ7idnWYEppdjhXlvowHXKUa84VM=
github.com/reima-ecom/reima-theme/v2 v2.21.0 h1:8Y1h9fYIlQC8S7Zt0DLhjz6NqdXMI5XiwoKoFn9debk=
github.com/reima-ecom/reima-theme/v2 v2.21.0/go.mod h1:qSn79c6jXvrwrRMfZ7idnWYEppdjhXlvowHXKUa84VM=
github.com/reima-ecom/reima-theme/v2 v2.21.1 h1:KsSJNHDOulOu1I4LUslmDG3GVCrzx3fqchBteCz/2w4=
github.com/reima-ecom/reima-theme/v2 v2.21.1/go.mod h1:qSn79c6jXvrwrRMfZ7idnWYEppdjhXlvowHXKUa84VM=
github.com/reima-ecom/reima-theme/v2 v2.21.2 h1:uW5GnUcHulvsH8tcNNuIvV7Qn+bnT4XHVlF8IcWU5+U=
github.com/reima-ecom/reima-theme/v2 v2.21.2/go.mod h1:qSn79c6jXvrwrRMfZ7idnWYEppdjhXlvowHXKUa84VM=
github.com/reima-ecom/reima-theme/v2 v2.21.3 h1:MCmgFvFyO/7O0wYN+unNf8uiAktzXJ4zoRQYoomKOH0=
github.com/reima-ecom/reima-theme/v2 v2.21.3/go.mod h1:qSn79c6jXvrwrRMfZ7idnWYEppdjhXlvowHXKUa84VM=
github.com/reima-ecom/reima-theme/v2 v2.22.0 h1:x2q0mRP3aH+1cUIaoBwvVv6yIBeEEeDwwy7r5zr4eZE=
github.com/reima-ecom/reima-theme/v2 v2.22.0/go.mod h1:qSn79c6jXvrwrRMfZ7idnWYEppdjhXlvowHXKUa84VM=
github.com/reima-ecom/reima-theme/v2 v2.22.1 h1:gxqLHo5i5vdSX+P/xIgOn1S77uzpYKMOj00LpVTq6UE=
github.com/reima-ecom/reima-theme/v2 v2.22.1/go.mod h1:qSn79c6jXvrwrRMfZ7idnWYEppdjhXlvowHXKUa84VM=
github.com/reima-ecom/reima-theme/v2 v2.22.2 h1:V7Mvl2r7ymtQBMm3uLjxnn133OSGyIb6hojpxARwGLU=
github.com/reima-ecom/reima-theme/v2 v2.22.2/go.mod h1:qSn79c6jXvrwrRMfZ7idnWYEppdjhXlvowHXKUa84VM=
github.com/reima-ecom/reima-theme/v2 v2.22.3 h1:ALI/eQIsW2nUfvRjNyQAap7cwatb9OHog24t/hR1TtE=
github.com/reima-ecom/reima-theme/v2 v2.22.3/go.mod h1:qSn79c6jXvrwrRMfZ7idnWYEppdjhXlvowHXKUa84VM=
github.com/reima-ecom/reima-theme/v2 v2.22.4 h1:2u4cKfRBiYfQOPrK5irW3zF9qhhqHJAHo1nQv426oqQ=
github.com/reima-ecom/reima-theme/v2 v2.22.4/go.mod h1:qSn79c6jXvrwrRMfZ7idnWYEppdjhXlvowHXKUa84VM=
github.com/reima-ecom/reima-theme/v2 v2.23.0 h1:X3LixOyLkkKGSr6F1ZXEPJO7WVJM4GBVfkfVXBG0kas=
github.com/reima-ecom/reima-theme/v2 v2.23.0/go.mod h1:qSn79c6jXvrwrRMfZ7idnWYEppdjhXlvowHXKUa84VM=
github.com/reima-ecom/reima-theme/v2 v2.24.0 h1:fUNFaLNoY1dMuYL3QoQg5kYv9NmK7WaUD0Rt1I+ED7g=
github.com/reima-ecom/reima-theme/v2 v2.24.0/go.mod h1:qSn79c6jXvrwrRMfZ7idnWYEppdjhXlvowHXKUa84VM=
github.com/reima-ecom/reima-theme/v2 v2.24.1 h1:HQeq97rks6PcfSSqa5x3cvZXx659eIqfYWA8zAp94W8=
github.com/reima-ecom/reima-theme/v2 v2.24.1/go.mod h1:qSn79c6jXvrwrRMfZ7idnWYEppdjhXlvowHXKUa84VM=
github.com/reima-ecom/reima-theme/v2 v2.24.2 h1:cJcG/55E3qz+G88ruagFyFi1KHk9xoiUZYPWZv+jOg0=
github.com/reima-ecom/reima-theme/v2 v2.24.2/go.mod h1:qSn79c6jXvrwrRMfZ7idnWYEppdjhXlvowHXKUa84VM=
github.com/reima-ecom/reima-theme/v2 v2.24.3 h1:YHXLoPXwq0QXRCiMEQZ+UEgZpRA8rR9fY+9gIFc4Xdo=
github.com/reima-ecom/reima-theme/v2 v2.24.3/go.mod h1:qSn79c6jXvrwrRMfZ7idnWYEppdjhXlvowHXKUa84VM=
github.com/reima-ecom/reima-theme/v2 v2.24.4 h1:Coi/lX2Cr8oX6HdvfPYBYvXgMxvbjHScBiac/zT4K9U=
github.com/reima-ecom/reima-theme/v2 v2.24.4/go.mod h1:qSn79c6jXvrwrRMfZ7idnWYEppdjhXlvowHXKUa84VM=
github.com/reima-ecom/reima-theme/v2 v2.24.5 h1:FKYFQ6WMzggNwtYpJSXuV37PRUAEoI0ZRjHyIK16gqg=
github.com/reima-ecom/reima-theme/v2 v2.24.5/go.mod h1:qSn79c6jXvrwrRMfZ7idnWYEppdjhXlvowHXKUa84VM=
