github.com/reima-ecom/reima-theme/v2 v2.18.3 h1:eaeYDliGXzm8orBBWEV8CWSoaFJaNyU+Gr4cTPzkNkY=
github.com/reima-ecom/reima-theme/v2 v2.18.3/go.mod h1:qSn79c6jXvrwrRMfZ7idnWYEppdjhXlvowHXKUa84VM=
github.com/reima-ecom/reima-theme/v2 v2.19.0 h1:lPBjWQyzIu3fBXJ160TUzKE4Y0HtWMqhRvisLOZ6Ep4=
github.com/reima-ecom/reima-theme/v2 v2.19.0/go.mod h1:qSn79c6jXvrwrRMfZ7idnWYEppdjhXlvowHXKUa84VM=
github.com/reima-ecom/reima-theme/v2 v2.19.1 h1:ObjEJHQNkH59+htBlRz9qYMR1iOIof4lzsDqQOJpYzs=
github.com/reima-ecom/reima-theme/v2 v2.19.1/go.mod h1:qSn79c6jXvrwrRMfZ7idnWYEppdjhXlvowHXKUa84VM=
github.com/reima-ecom/reima-theme/v2 v2.19.2 h1:dzBt9RqQRbOwVequFCeap1JYu5UB6VwNmL2Pngx+7Ok=
github.com/reima-ecom/reima-theme/v2 v2.19.2/go.mod h1:qSn79c6jXvrwrRMfZ7idnWYEppdjhXlvowHXKUa84VM=
github.com/reima-ecom/reima-theme/v2 v2.20.0 h1:4WmKsSLwFeG+wS+eekK0orF2FUjsxuZ7lR1mAhwC3j0=
github.com/reima-ecom/reima-theme/v2 v2.20.0/go.mod h1:qSn79c6jXvrwrRMfZ7idnWYEppdjhXlvowHXKUa84VM=
github.com/reima-ecom/reima-theme/v2 v2.20.1 h1:3APx95CLkOFCnNxkuHRbZsZPPP4KRL8B+IGuVPPMEtg=
github.com/reima-ecom/reima-theme/v2 v2.20.1/go.mod h1:qSn79c6jXvrwrRMfZ7idnWYEppdjhXlvowHXKUa84VM=
github.com/reima-ecom/reima-theme/v2 v2.21.0 h1:8Y1h9fYIlQC8S7Zt0DLhjz6NqdXMI5XiwoKoFn9debk=
github.com/reima-ecom/reima-theme/v2 v2.21.0/go.mod h1:qSn79c6jXvrwrRMfZ7idnWYEppdjhXlvowHXKUa84VM=
