github.com/reima-ecom/reima-theme/v2 v2.18.3 h1:eaeYDliGXzm8orBBWEV8CWSoaFJaNyU+Gr4cTPzkNkY=
github.com/reima-ecom/reima-theme/v2 v2.18.3/go.mod h1:qSn79c6jXvrwrRMfZ7idnWYEppdjhXlvowHXKUa84VM=
github.com/reima-ecom/reima-theme/v2 v2.19.0 h1:lPBjWQyzIu3fBXJ160TUzKE4Y0HtWMqhRvisLOZ6Ep4=
github.com/reima-ecom/reima-theme/v2 v2.19.0/go.mod h1:qSn79c6jXvrwrRMfZ7idnWYEppdjhXlvowHXKUa84VM=
github.com/reima-ecom/reima-theme/v2 v2.19.1 h1:ObjEJHQNkH59+htBlRz9qYMR1iOIof4lzsDqQOJpYzs=
github.com/reima-ecom/reima-theme/v2 v2.19.1/go.mod h1:qSn79c6jXvrwrRMfZ7idnWYEppdjhXlvowHXKUa84VM=
github.com/reima-ecom/reima-theme/v2 v2.19.2 h1:dzBt9RqQRbOwVequFCeap1JYu5UB6VwNmL2Pngx+7Ok=
github.com/reima-ecom/reima-theme/v2 v2.19.2/go.mod h1:qSn79c6jXvrwrRMfZ7idnWYEppdjhXlvowHXKUa84VM=
github.com/reima-ecom/reima-theme/v2 v2.20.0 h1:4WmKsSLwFeG+wS+eekK0orF2FUjsxuZ7lR1mAhwC3j0=
github.com/reima-ecom/reima-theme/v2 v2.20.0/go.mod h1:qSn79c6jXvrwrRMfZ7idnWYEppdjhXlvowHXKUa84VM=
github.com/reima-ecom/reima-theme/v2 v2.20.1 h1:3APx95CLkOFCnNxkuHRbZsZPPP4KRL8B+IGuVPPMEtg=
github.com/reima-ecom/reima-theme/v2 v2.20.1/go.mod h1:qSn79c6jXvrwrRMfZ7idnWYEppdjhXlvowHXKUa84VM=
github.com/reima-ecom/reima-theme/v2 v2.21.0 h1:8Y1h9fYIlQC8S7Zt0DLhjz6NqdXMI5XiwoKoFn9debk=
github.com/reima-ecom/reima-theme/v2 v2.21.0/go.mod h1:qSn79c6jXvrwrRMfZ7idnWYEppdjhXlvowHXKUa84VM=
github.com/reima-ecom/reima-theme/v2 v2.21.1 h1:KsSJNHDOulOu1I4LUslmDG3GVCrzx3fqchBteCz/2w4=
github.com/reima-ecom/reima-theme/v2 v2.21.1/go.mod h1:qSn79c6jXvrwrRMfZ7idnWYEppdjhXlvowHXKUa84VM=
github.com/reima-ecom/reima-theme/v2 v2.21.2 h1:uW5GnUcHulvsH8tcNNuIvV7Qn+bnT4XHVlF8IcWU5+U=
github.com/reima-ecom/reima-theme/v2 v2.21.2/go.mod h1:qSn79c6jXvrwrRMfZ7idnWYEppdjhXlvowHXKUa84VM=
github.com/reima-ecom/reima-theme/v2 v2.21.3 h1:MCmgFvFyO/7O0wYN+unNf8uiAktzXJ4zoRQYoomKOH0=
github.com/reima-ecom/reima-theme/v2 v2.21.3/go.mod h1:qSn79c6jXvrwrRMfZ7idnWYEppdjhXlvowHXKUa84VM=
github.com/reima-ecom/reima-theme/v2 v2.22.0 h1:x2q0mRP3aH+1cUIaoBwvVv6yIBeEEeDwwy7r5zr4eZE=
github.com/reima-ecom/reima-theme/v2 v2.22.0/go.mod h1:qSn79c6jXvrwrRMfZ7idnWYEppdjhXlvowHXKUa84VM=
github.com/reima-ecom/reima-theme/v2 v2.22.1 h1:gxqLHo5i5vdSX+P/xIgOn1S77uzpYKMOj00LpVTq6UE=
github.com/reima-ecom/reima-theme/v2 v2.22.1/go.mod h1:qSn79c6jXvrwrRMfZ7idnWYEppdjhXlvowHXKUa84VM=
github.com/reima-ecom/reima-theme/v2 v2.22.2 h1:V7Mvl2r7ymtQBMm3uLjxnn133OSGyIb6hojpxARwGLU=
github.com/reima-ecom/reima-theme/v2 v2.22.2/go.mod h1:qSn79c6jXvrwrRMfZ7idnWYEppdjhXlvowHXKUa84VM=
github.com/reima-ecom/reima-theme/v2 v2.22.3 h1:ALI/eQIsW2nUfvRjNyQAap7cwatb9OHog24t/hR1TtE=
github.com/reima-ecom/reima-theme/v2 v2.22.3/go.mod h1:qSn79c6jXvrwrRMfZ7idnWYEppdjhXlvowHXKUa84VM=
github.com/reima-ecom/reima-theme/v2 v2.22.4 h1:2u4cKfRBiYfQOPrK5irW3zF9qhhqHJAHo1nQv426oqQ=
github.com/reima-ecom/reima-theme/v2 v2.22.4/go.mod h1:qSn79c6jXvrwrRMfZ7idnWYEppdjhXlvowHXKUa84VM=
github.com/reima-ecom/reima-theme/v2 v2.23.0 h1:X3LixOyLkkKGSr6F1ZXEPJO7WVJM4GBVfkfVXBG0kas=
github.com/reima-ecom/reima-theme/v2 v2.23.0/go.mod h1:qSn79c6jXvrwrRMfZ7idnWYEppdjhXlvowHXKUa84VM=
github.com/reima-ecom/reima-theme/v2 v2.24.0 h1:fUNFaLNoY1dMuYL3QoQg5kYv9NmK7WaUD0Rt1I+ED7g=
github.com/reima-ecom/reima-theme/v2 v2.24.0/go.mod h1:qSn79c6jXvrwrRMfZ7idnWYEppdjhXlvowHXKUa84VM=
github.com/reima-ecom/reima-theme/v2 v2.24.1 h1:HQeq97rks6PcfSSqa5x3cvZXx659eIqfYWA8zAp94W8=
github.com/reima-ecom/reima-theme/v2 v2.24.1/go.mod h1:qSn79c6jXvrwrRMfZ7idnWYEppdjhXlvowHXKUa84VM=
github.com/reima-ecom/reima-theme/v2 v2.24.2 h1:cJcG/55E3qz+G88ruagFyFi1KHk9xoiUZYPWZv+jOg0=
github.com/reima-ecom/reima-theme/v2 v2.24.2/go.mod h1:qSn79c6jXvrwrRMfZ7idnWYEppdjhXlvowHXKUa84VM=
github.com/reima-ecom/reima-theme/v2 v2.24.3 h1:YHXLoPXwq0QXRCiMEQZ+UEgZpRA8rR9fY+9gIFc4Xdo=
github.com/reima-ecom/reima-theme/v2 v2.24.3/go.mod h1:qSn79c6jXvrwrRMfZ7idnWYEppdjhXlvowHXKUa84VM=
github.com/reima-ecom/reima-theme/v2 v2.24.4 h1:Coi/lX2Cr8oX6HdvfPYBYvXgMxvbjHScBiac/zT4K9U=
github.com/reima-ecom/reima-theme/v2 v2.24.4/go.mod h1:qSn79c6jXvrwrRMfZ7idnWYEppdjhXlvowHXKUa84VM=
github.com/reima-ecom/reima-theme/v2 v2.24.5 h1:FKYFQ6WMzggNwtYpJSXuV37PRUAEoI0ZRjHyIK16gqg=
github.com/reima-ecom/reima-theme/v2 v2.24.5/go.mod h1:qSn79c6jXvrwrRMfZ7idnWYEppdjhXlvowHXKUa84VM=
github.com/reima-ecom/reima-theme/v2 v2.24.6 h1:ZK58oInnScjbWUPwiERJSFi6xi7pzMh/EV/p6mKa19Y=
github.com/reima-ecom/reima-theme/v2 v2.24.6/go.mod h1:qSn79c6jXvrwrRMfZ7idnWYEppdjhXlvowHXKUa84VM=
github.com/reima-ecom/reima-theme/v2 v2.24.7 h1:Q7vaqA58lQ7tn8zvmRBtlmeX8xikSVxzRv4MNE+fK+8=
github.com/reima-ecom/reima-theme/v2 v2.24.7/go.mod h1:qSn79c6jXvrwrRMfZ7idnWYEppdjhXlvowHXKUa84VM=
github.com/reima-ecom/reima-theme/v2 v2.25.0 h1:rkYNHieXKMVJoAhJHFzZ+xpDA8CPE959XhFtEk+qN7A=
github.com/reima-ecom/reima-theme/v2 v2.25.0/go.mod h1:qSn79c6jXvrwrRMfZ7idnWYEppdjhXlvowHXKUa84VM=
github.com/reima-ecom/reima-theme/v2 v2.26.0 h1:ZlM92kUM4BADLbIrGd9sJ9ncBDV9DCHNogUBiUGnYqk=
github.com/reima-ecom/reima-theme/v2 v2.26.0/go.mod h1:qSn79c6jXvrwrRMfZ7idnWYEppdjhXlvowHXKUa84VM=
github.com/reima-ecom/reima-theme/v2 v2.26.1 h1:8eyhMJBjE3ktWw81xR2PjA8JLeEx6+aRuQg9oPuH04U=
github.com/reima-ecom/reima-theme/v2 v2.26.1/go.mod h1:qSn79c6jXvrwrRMfZ7idnWYEppdjhXlvowHXKUa84VM=
github.com/reima-ecom/reima-theme/v2 v2.26.2 h1:bH2TbNu5h49fQFnNWSBfL97i09tsQ956qxnkcYLU6Vw=
github.com/reima-ecom/reima-theme/v2 v2.26.2/go.mod h1:qSn79c6jXvrwrRMfZ7idnWYEppdjhXlvowHXKUa84VM=
github.com/reima-ecom/reima-theme/v2 v2.27.0 h1:90Tucg9ai805UXLjOkD/5U/TKS/CfW51EwDJESsgNl4=
github.com/reima-ecom/reima-theme/v2 v2.27.0/go.mod h1:qSn79c6jXvrwrRMfZ7idnWYEppdjhXlvowHXKUa84VM=
github.com/reima-ecom/reima-theme/v2 v2.27.1 h1:egMA+R9JKetljRYKbO1ZynhxE+PSMh4Q2WwOtoXraxc=
github.com/reima-ecom/reima-theme/v2 v2.27.1/go.mod h1:qSn79c6jXvrwrRMfZ7idnWYEppdjhXlvowHXKUa84VM=
github.com/reima-ecom/reima-theme/v2 v2.28.0 h1:TutkjYnESj4uwYnamrMIk1uBwrBbcXJa9hwpRpdfMXs=
github.com/reima-ecom/reima-theme/v2 v2.28.0/go.mod h1:qSn79c6jXvrwrRMfZ7idnWYEppdjhXlvowHXKUa84VM=
github.com/reima-ecom/reima-theme/v2 v2.29.0 h1:/3BSFSj5DjY+qmtymiC4D7nhKycpDxM97ZV9yIrUE0M=
github.com/reima-ecom/reima-theme/v2 v2.29.0/go.mod h1:qSn79c6jXvrwrRMfZ7idnWYEppdjhXlvowHXKUa84VM=
github.com/reima-ecom/reima-theme/v2 v2.29.1 h1:pd03PBlVIDkT7NUDmoocztzwRHu+PJ/C5UNfFj5MuVU=
github.com/reima-ecom/reima-theme/v2 v2.29.1/go.mod h1:qSn79c6jXvrwrRMfZ7idnWYEppdjhXlvowHXKUa84VM=
github.com/reima-ecom/reima-theme/v2 v2.30.0 h1:Ohm3q4hgJsD6MeKNeKUmXtQbvPAeZRqBFZnsH04laaI=
github.com/reima-ecom/reima-theme/v2 v2.30.0/go.mod h1:qSn79c6jXvrwrRMfZ7idnWYEppdjhXlvowHXKUa84VM=
github.com/reima-ecom/reima-theme/v2 v2.30.1 h1:8narBzifYLK/XulxlOCrYycdAMRPJloecBXwJ03dKyU=
github.com/reima-ecom/reima-theme/v2 v2.30.1/go.mod h1:qSn79c6jXvrwrRMfZ7idnWYEppdjhXlvowHXKUa84VM=
github.com/reima-ecom/reima-theme/v2 v2.30.2 h1:bWft796q2Af3uyWRHPAbuHMf0Hq1do+O0UlWPj1IGao=
github.com/reima-ecom/reima-theme/v2 v2.30.2/go.mod h1:qSn79c6jXvrwrRMfZ7idnWYEppdjhXlvowHXKUa84VM=
github.com/reima-ecom/reima-theme/v2 v2.30.3 h1:oDrMNcQ0ZyeXlos2uc4M09vJ2wH0o2kaItvPMIVZ2WM=
github.com/reima-ecom/reima-theme/v2 v2.30.3/go.mod h1:qSn79c6jXvrwrRMfZ7idnWYEppdjhXlvowHXKUa84VM=
github.com/reima-ecom/reima-theme/v2 v2.31.0 h1:95XqlB5Wj6K9o5+8m/SqekAPs6XqZm7pPoHU9eUk1fo=
github.com/reima-ecom/reima-theme/v2 v2.31.0/go.mod h1:qSn79c6jXvrwrRMfZ7idnWYEppdjhXlvowHXKUa84VM=
github.com/reima-ecom/reima-theme/v2 v2.32.0 h1:lVTdKBfe8FdWIsnM/dxdp5Bt6mcjW4EUxWMT7Txb3M4=
github.com/reima-ecom/reima-theme/v2 v2.32.0/go.mod h1:qSn79c6jXvrwrRMfZ7idnWYEppdjhXlvowHXKUa84VM=
github.com/reima-ecom/reima-theme/v2 v2.32.1 h1:icY+8hl7/hjL33vKwOFhjvw9j6BH9yq8wHWwtwxvTsI=
github.com/reima-ecom/reima-theme/v2 v2.32.1/go.mod h1:qSn79c6jXvrwrRMfZ7idnWYEppdjhXlvowHXKUa84VM=
github.com/reima-ecom/reima-theme/v2 v2.32.2 h1:0zPbhSNiFwRByOUGLUR1WFGGMimouwnB62ZqYxrI4KY=
github.com/reima-ecom/reima-theme/v2 v2.32.2/go.mod h1:qSn79c6jXvrwrRMfZ7idnWYEppdjhXlvowHXKUa84VM=
github.com/reima-ecom/reima-theme/v2 v2.32.3 h1:isc2ibU1+7D/hGSeG8WU1XxrC7OKfH+ueMwM+di56LE=
github.com/reima-ecom/reima-theme/v2 v2.32.3/go.mod h1:qSn79c6jXvrwrRMfZ7idnWYEppdjhXlvowHXKUa84VM=
github.com/reima-ecom/reima-theme/v2 v2.32.4 h1:PCUVymP3/yMrsf1suNrajGTdzQBhyQ4kQe8DVNqDz9Y=
github.com/reima-ecom/reima-theme/v2 v2.32.4/go.mod h1:qSn79c6jXvrwrRMfZ7idnWYEppdjhXlvowHXKUa84VM=
github.com/reima-ecom/reima-theme/v2 v2.32.5 h1:wPrF4NoKfYURXo5x54mIBskXre1oddB+1sgA4iXRdjc=
github.com/reima-ecom/reima-theme/v2 v2.32.5/go.mod h1:qSn79c6jXvrwrRMfZ7idnWYEppdjhXlvowHXKUa84VM=
github.com/reima-ecom/reima-theme/v2 v2.32.6 h1:tcnKUyjUn7+GINZW57I99Pq2V3LE8fjW60NsdB1FlJU=
github.com/reima-ecom/reima-theme/v2 v2.32.6/go.mod h1:qSn79c6jXvrwrRMfZ7idnWYEppdjhXlvowHXKUa84VM=
github.com/reima-ecom/reima-theme/v2 v2.33.0 h1:kyn09qOQk+JtZSeIsG2HV9B8RWJPnqBebVoE4wLHbEQ=
github.com/reima-ecom/reima-theme/v2 v2.33.0/go.mod h1:qSn79c6jXvrwrRMfZ7idnWYEppdjhXlvowHXKUa84VM=
github.com/reima-ecom/reima-theme/v2 v2.41.2 h1:44whZoK9Ke0IRMQOy/kyJ6hO1wcu/m7LoyPl7h+NvLg=
github.com/reima-ecom/reima-theme/v2 v2.41.2/go.mod h1:qSn79c6jXvrwrRMfZ7idnWYEppdjhXlvowHXKUa84VM=
github.com/reima-ecom/reima-theme/v2 v2.42.0 h1:YuHQAWxNNbfhG84lv/PA0GmqfPgC1dg5oJR6nhQxbMg=
github.com/reima-ecom/reima-theme/v2 v2.42.0/go.mod h1:qSn79c6jXvrwrRMfZ7idnWYEppdjhXlvowHXKUa84VM=
github.com/reima-ecom/reima-theme/v2 v2.42.1 h1:5AEewHt3Mzd6tQfn5ji9AYWiW7rxkThLpfxZ4JVjgrI=
github.com/reima-ecom/reima-theme/v2 v2.42.1/go.mod h1:qSn79c6jXvrwrRMfZ7idnWYEppdjhXlvowHXKUa84VM=
github.com/reima-ecom/reima-theme/v2 v2.42.2 h1:SVLlBofpHsWw2qTc8Lro8ey4GbLklCz/JJrhbxX1Nag=
github.com/reima-ecom/reima-theme/v2 v2.42.2/go.mod h1:qSn79c6jXvrwrRMfZ7idnWYEppdjhXlvowHXKUa84VM=
github.com/reima-ecom/reima-theme/v2 v2.42.3 h1:ySfVq1CGHy2J0yJ4u6cHV2R+IaD6BEBcwgCO9OhxwQQ=
github.com/reima-ecom/reima-theme/v2 v2.42.3/go.mod h1:qSn79c6jXvrwrRMfZ7idnWYEppdjhXlvowHXKUa84VM=
github.com/reima-ecom/reima-theme/v2 v2.43.0 h1:0+A232XBKWR76eNWzLfZheq7IhvE5aint5/go/5U2jU=
github.com/reima-ecom/reima-theme/v2 v2.43.0/go.mod h1:qSn79c6jXvrwrRMfZ7idnWYEppdjhXlvowHXKUa84VM=
github.com/reima-ecom/reima-theme/v2 v2.44.0 h1:eptEejxphxYvmhree6cPpAEM3yYi4HVCKvOV6HpOmNM=
github.com/reima-ecom/reima-theme/v2 v2.44.0/go.mod h1:qSn79c6jXvrwrRMfZ7idnWYEppdjhXlvowHXKUa84VM=
github.com/reima-ecom/reima-theme/v2 v2.44.1 h1:bOSsMr3VpDYqpiahgwwbecR6eHGPyFADPD8JbOSKv+M=
github.com/reima-ecom/reima-theme/v2 v2.44.1/go.mod h1:qSn79c6jXvrwrRMfZ7idnWYEppdjhXlvowHXKUa84VM=
github.com/reima-ecom/reima-theme/v2 v2.46.0 h1:dVMNzTH6AhombNcoFE+ORO7imexuYiexDg9oGbkGOVU=
github.com/reima-ecom/reima-theme/v2 v2.46.0/go.mod h1:qSn79c6jXvrwrRMfZ7idnWYEppdjhXlvowHXKUa84VM=
github.com/reima-ecom/reima-theme/v2 v2.47.0 h1:xxom7yrYHKM1EbDm1EZ2LcL5/EKxR+WPl4dN6bX4YRU=
github.com/reima-ecom/reima-theme/v2 v2.47.0/go.mod h1:qSn79c6jXvrwrRMfZ7idnWYEppdjhXlvowHXKUa84VM=
github.com/reima-ecom/reima-theme/v2 v2.48.0 h1:nm/siA+2mJqaXdG6lP6E4Bf+phktTqz2ltLSi5XgSkQ=
github.com/reima-ecom/reima-theme/v2 v2.48.0/go.mod h1:qSn79c6jXvrwrRMfZ7idnWYEppdjhXlvowHXKUa84VM=
github.com/reima-ecom/reima-theme/v2 v2.49.0 h1:2UIs2VyvJC4A14hWD9GuoGCBQjDGslotcyUPQqnDo+o=
github.com/reima-ecom/reima-theme/v2 v2.49.0/go.mod h1:qSn79c6jXvrwrRMfZ7idnWYEppdjhXlvowHXKUa84VM=
github.com/reima-ecom/reima-theme/v2 v2.49.1 h1:El9MFf1x/KeqAIUpWo7J4IiAtUn5/GPnAZ785ReN+lk=
github.com/reima-ecom/reima-theme/v2 v2.49.1/go.mod h1:qSn79c6jXvrwrRMfZ7idnWYEppdjhXlvowHXKUa84VM=
github.com/reima-ecom/reima-theme/v2 v2.50.0 h1:zEt3q4g7DU4lLn/YUkX+JWL+OonqlUS6IrvUyJAdTp8=
github.com/reima-ecom/reima-theme/v2 v2.50.0/go.mod h1:qSn79c6jXvrwrRMfZ7idnWYEppdjhXlvowHXKUa84VM=
github.com/reima-ecom/reima-theme/v2 v2.50.1 h1:7cfeytjyWE/T6CvhJn1fV6eFcm2C4lC+sB7AsSWwgQs=
github.com/reima-ecom/reima-theme/v2 v2.50.1/go.mod h1:qSn79c6jXvrwrRMfZ7idnWYEppdjhXlvowHXKUa84VM=
github.com/reima-ecom/reima-theme/v2 v2.50.2 h1:l/Hz8CX0Z9Ep720Y/pihl1B4QGOUdGzaVsyWDVDr5Ts=
github.com/reima-ecom/reima-theme/v2 v2.50.2/go.mod h1:qSn79c6jXvrwrRMfZ7idnWYEppdjhXlvowHXKUa84VM=
github.com/reima-ecom/reima-theme/v2 v2.50.3 h1:y8TCVk1Lv+XshmfhUbRHoWP84uXUkb8WbtW41SNAXwM=
github.com/reima-ecom/reima-theme/v2 v2.50.3/go.mod h1:qSn79c6jXvrwrRMfZ7idnWYEppdjhXlvowHXKUa84VM=
github.com/reima-ecom/reima-theme/v2 v2.50.4 h1:jMTjPtk6ljWg39XViCXiTClkyieOTPkXKBMCJ1yJpbk=
github.com/reima-ecom/reima-theme/v2 v2.50.4/go.mod h1:qSn79c6jXvrwrRMfZ7idnWYEppdjhXlvowHXKUa84VM=
github.com/reima-ecom/reima-theme/v2 v2.51.0 h1:2QIT9SA5tzBvse30cxe4Wm/paHsUUfCfK5tkuGeosv8=
github.com/reima-ecom/reima-theme/v2 v2.51.0/go.mod h1:qSn79c6jXvrwrRMfZ7idnWYEppdjhXlvowHXKUa84VM=
github.com/reima-ecom/reima-theme/v2 v2.51.1 h1:QOg63I3q8XwOFj+5qMf1tOXk3aaLwEKC5xZp+g07coI=
github.com/reima-ecom/reima-theme/v2 v2.51.1/go.mod h1:qSn79c6jXvrwrRMfZ7idnWYEppdjhXlvowHXKUa84VM=
github.com/reima-ecom/reima-theme/v2 v2.52.0 h1:kDYB9/Ll2R9h/quKrPDQzPCwom8UYE1fY6M9ZJC3Ryw=
github.com/reima-ecom/reima-theme/v2 v2.52.0/go.mod h1:qSn79c6jXvrwrRMfZ7idnWYEppdjhXlvowHXKUa84VM=
github.com/reima-ecom/reima-theme/v2 v2.52.1 h1:Eleps9ox0K2C6saK89xZsIgRSHTGK/MtXqImYgV/9XA=
github.com/reima-ecom/reima-theme/v2 v2.52.1/go.mod h1:qSn79c6jXvrwrRMfZ7idnWYEppdjhXlvowHXKUa84VM=
github.com/reima-ecom/reima-theme/v2 v2.53.0 h1:dSOEVS1UAvQ7lzCIoePrT3E7e/8XmQyeEBZWJSm9VY0=
github.com/reima-ecom/reima-theme/v2 v2.53.0/go.mod h1:qSn79c6jXvrwrRMfZ7idnWYEppdjhXlvowHXKUa84VM=
github.com/reima-ecom/reima-theme/v2 v2.53.1 h1:yN9NG5ASnJST7z7vTSSUA56KQ9wkbtOT7ATcivUvxEM=
github.com/reima-ecom/reima-theme/v2 v2.53.1/go.mod h1:qSn79c6jXvrwrRMfZ7idnWYEppdjhXlvowHXKUa84VM=
github.com/reima-ecom/reima-theme/v2 v2.53.2 h1:269szEqKqClCfRtlRd1I7wMJS/l4UIzYGdjsJtz9rqs=
github.com/reima-ecom/reima-theme/v2 v2.53.2/go.mod h1:qSn79c6jXvrwrRMfZ7idnWYEppdjhXlvowHXKUa84VM=
github.com/reima-ecom/reima-theme/v2 v2.53.3 h1:3Y9S/ohHhXjJRD65x/5nqNCibaa3LF7dZrT9/3JzdYw=
github.com/reima-ecom/reima-theme/v2 v2.53.3/go.mod h1:qSn79c6jXvrwrRMfZ7idnWYEppdjhXlvowHXKUa84VM=
github.com/reima-ecom/reima-theme/v2 v2.54.0 h1:e/1Nq0FlDeDQfhqZYICFxckh9PQ4zplTM/yNhAY22Tg=
github.com/reima-ecom/reima-theme/v2 v2.54.0/go.mod h1:qSn79c6jXvrwrRMfZ7idnWYEppdjhXlvowHXKUa84VM=
github.com/reima-ecom/reima-theme/v2 v2.55.0 h1:HEYwNMNlswvGIxVE1FcEf5pK+dRoolYSgT2TYO6AHrk=
github.com/reima-ecom/reima-theme/v2 v2.55.0/go.mod h1:qSn79c6jXvrwrRMfZ7idnWYEppdjhXlvowHXKUa84VM=
github.com/reima-ecom/reima-theme/v2 v2.55.1 h1:qcn/gkVyZGrWKz4pwtOPFxG7ZjT4RIl20JNyMAZGvk4=
github.com/reima-ecom/reima-theme/v2 v2.55.1/go.mod h1:qSn79c6jXvrwrRMfZ7idnWYEppdjhXlvowHXKUa84VM=
github.com/reima-ecom/reima-theme/v2 v2.56.0 h1:I5CKUdv+p5YVrwcxMTzcPMqtspkuTl6rYW64Fepigw8=
github.com/reima-ecom/reima-theme/v2 v2.56.0/go.mod h1:qSn79c6jXvrwrRMfZ7idnWYEppdjhXlvowHXKUa84VM=
github.com/reima-ecom/reima-theme/v2 v2.56.1 h1:5rhV0u0oUT4AUuaj3CA072CHhn0OXS2ZuVR28fAnAVE=
github.com/reima-ecom/reima-theme/v2 v2.56.1/go.mod h1:qSn79c6jXvrwrRMfZ7idnWYEppdjhXlvowHXKUa84VM=
github.com/reima-ecom/reima-theme/v2 v2.57.0 h1:TVsamJZb0sO7qfMljZRuoIIhcKKXVv8KJbmFlicnD70=
github.com/reima-ecom/reima-theme/v2 v2.57.0/go.mod h1:qSn79c6jXvrwrRMfZ7idnWYEppdjhXlvowHXKUa84VM=
github.com/reima-ecom/reima-theme/v2 v2.58.0 h1:9/f8EArIz57+erX0tNtb47fSc2FGxbesk46RK2xVbyg=
github.com/reima-ecom/reima-theme/v2 v2.58.0/go.mod h1:qSn79c6jXvrwrRMfZ7idnWYEppdjhXlvowHXKUa84VM=
github.com/reima-ecom/reima-theme/v2 v2.58.1 h1:P0rUr5ePbFcy02dPA+Ue+2ocxckB7JnBEdbBxAI8xNM=
github.com/reima-ecom/reima-theme/v2 v2.58.1/go.mod h1:qSn79c6jXvrwrRMfZ7idnWYEppdjhXlvowHXKUa84VM=
github.com/reima-ecom/reima-theme/v2 v2.58.2 h1:kd8ZHV3KgLtbXf1Y/gFZRKg0C42wgeNOvhqpMoxfifA=
github.com/reima-ecom/reima-theme/v2 v2.58.2/go.mod h1:qSn79c6jXvrwrRMfZ7idnWYEppdjhXlvowHXKUa84VM=
github.com/reima-ecom/reima-theme/v2 v2.58.3 h1:2Vh5MpjimDM5DDqzAoIFLhRMDMiohZTNF7w90l1lXK4=
github.com/reima-ecom/reima-theme/v2 v2.58.3/go.mod h1:qSn79c6jXvrwrRMfZ7idnWYEppdjhXlvowHXKUa84VM=
github.com/reima-ecom/reima-theme/v2 v2.58.4 h1:NZcKDswdUEpxOPLf6RfRei5BLa0wz5s7fT6Mw2CNUvU=
github.com/reima-ecom/reima-theme/v2 v2.58.4/go.mod h1:qSn79c6jXvrwrRMfZ7idnWYEppdjhXlvowHXKUa84VM=
github.com/reima-ecom/reima-theme/v2 v2.59.0 h1:9bVxFd/+lUZiyFgUSobHwgyUZh9wF5O6xs+vCwi2uWQ=
github.com/reima-ecom/reima-theme/v2 v2.59.0/go.mod h1:qSn79c6jXvrwrRMfZ7idnWYEppdjhXlvowHXKUa84VM=
github.com/reima-ecom/reima-theme/v2 v2.59.1 h1:Dom3N4M7ErnyJyZQ142tUifQvAihwwUquz7e+2aLoV0=
github.com/reima-ecom/reima-theme/v2 v2.59.1/go.mod h1:qSn79c6jXvrwrRMfZ7idnWYEppdjhXlvowHXKUa84VM=
github.com/reima-ecom/reima-theme/v2 v2.59.2 h1:3Ha/FblTF829FnOYck6T89yWiEqkN6/bo/Vu7htIfPk=
github.com/reima-ecom/reima-theme/v2 v2.59.2/go.mod h1:qSn79c6jXvrwrRMfZ7idnWYEppdjhXlvowHXKUa84VM=
github.com/reima-ecom/reima-theme/v2 v2.59.3 h1:edD7A1mQd4TFJimLgiiwKxPa0ScReTnZN43q+ZYRhWQ=
github.com/reima-ecom/reima-theme/v2 v2.59.3/go.mod h1:qSn79c6jXvrwrRMfZ7idnWYEppdjhXlvowHXKUa84VM=
github.com/reima-ecom/reima-theme/v2 v2.59.4 h1:kE3MwdRefkVLqHDpxtoktQ5O/pJ3IODvmFNynUNiBmg=
github.com/reima-ecom/reima-theme/v2 v2.59.4/go.mod h1:qSn79c6jXvrwrRMfZ7idnWYEppdjhXlvowHXKUa84VM=
github.com/reima-ecom/reima-theme/v2 v2.60.0 h1:7Bk7WFWCEHAzKoRaQYCNVaNQ7ri8leMSkJKdY1sMyyw=
github.com/reima-ecom/reima-theme/v2 v2.60.0/go.mod h1:qSn79c6jXvrwrRMfZ7idnWYEppdjhXlvowHXKUa84VM=
github.com/reima-ecom/reima-theme/v2 v2.60.1 h1:iz5Y0tyF11h55VO7bp0if1Ar3oECSVbfDjsbvmcpSLc=
github.com/reima-ecom/reima-theme/v2 v2.60.1/go.mod h1:qSn79c6jXvrwrRMfZ7idnWYEppdjhXlvowHXKUa84VM=
github.com/reima-ecom/reima-theme/v2 v2.61.0 h1:KS7D3OsOHf0CG0aH1iHgBH2LTkHVkgDyNkDUMXy86T0=
github.com/reima-ecom/reima-theme/v2 v2.61.0/go.mod h1:qSn79c6jXvrwrRMfZ7idnWYEppdjhXlvowHXKUa84VM=
github.com/reima-ecom/reima-theme/v2 v2.61.1 h1:jq4e8s7AYWaSKuD7WFq8afRrQQtjZZQvkfNoWdlEWSo=
github.com/reima-ecom/reima-theme/v2 v2.61.1/go.mod h1:qSn79c6jXvrwrRMfZ7idnWYEppdjhXlvowHXKUa84VM=
github.com/reima-ecom/reima-theme/v2 v2.61.2 h1:YVVXggN3LqOBm8TebJaZRIRjCe7dzTWMvnYH2BFHmao=
github.com/reima-ecom/reima-theme/v2 v2.61.2/go.mod h1:qSn79c6jXvrwrRMfZ7idnWYEppdjhXlvowHXKUa84VM=
github.com/reima-ecom/reima-theme/v2 v2.61.3 h1:WozPFjDaiIia+1wgmLY7677S125N817zVomMZfvtU2g=
github.com/reima-ecom/reima-theme/v2 v2.61.3/go.mod h1:qSn79c6jXvrwrRMfZ7idnWYEppdjhXlvowHXKUa84VM=
github.com/reima-ecom/reima-theme/v2 v2.61.4 h1:6sCHrvyg+hQSEgTgrZmmtYD32BzeAO8KaXl0PiO137o=
github.com/reima-ecom/reima-theme/v2 v2.61.4/go.mod h1:qSn79c6jXvrwrRMfZ7idnWYEppdjhXlvowHXKUa84VM=
github.com/reima-ecom/reima-theme/v2 v2.61.5 h1:WSxbQEAJ/sVPuDN6YtmVXN4wwymhyEtaTyJH62+QLDA=
github.com/reima-ecom/reima-theme/v2 v2.61.5/go.mod h1:qSn79c6jXvrwrRMfZ7idnWYEppdjhXlvowHXKUa84VM=
github.com/reima-ecom/reima-theme/v2 v2.61.6 h1:QkHdOM4BU472MU/w00N/epldQ/I3oLusIKyDEkFkJYs=
github.com/reima-ecom/reima-theme/v2 v2.61.6/go.mod h1:qSn79c6jXvrwrRMfZ7idnWYEppdjhXlvowHXKUa84VM=
github.com/reima-ecom/reima-theme/v2 v2.62.0 h1:4Bc54nmwZQnJNBziVFv3qwsGU74zbeZ6XmCa5qPyNvc=
github.com/reima-ecom/reima-theme/v2 v2.62.0/go.mod h1:qSn79c6jXvrwrRMfZ7idnWYEppdjhXlvowHXKUa84VM=
github.com/reima-ecom/reima-theme/v2 v2.62.1 h1:01NkcaFQon6kCUIjnuLKneXf+hFZd14qxdY6gZdXx6k=
github.com/reima-ecom/reima-theme/v2 v2.62.1/go.mod h1:qSn79c6jXvrwrRMfZ7idnWYEppdjhXlvowHXKUa84VM=
github.com/reima-ecom/reima-theme/v2 v2.63.0 h1:XY8oa3ZdTYaIy3HH8ewvvIpGIS6+EKhnjWEaKsUY8sc=
github.com/reima-ecom/reima-theme/v2 v2.63.0/go.mod h1:qSn79c6jXvrwrRMfZ7idnWYEppdjhXlvowHXKUa84VM=
github.com/reima-ecom/reima-theme/v2 v2.64.0 h1:flVfXvYFR928+DK3ch2ffCBaULcsdOLj30NiXlI7oyM=
github.com/reima-ecom/reima-theme/v2 v2.64.0/go.mod h1:qSn79c6jXvrwrRMfZ7idnWYEppdjhXlvowHXKUa84VM=
github.com/reima-ecom/reima-theme/v2 v2.65.0 h1:mUqI+GYjbADyTgRgy47IC9AMZCQRDjvWTFh31WgqhoA=
github.com/reima-ecom/reima-theme/v2 v2.65.0/go.mod h1:qSn79c6jXvrwrRMfZ7idnWYEppdjhXlvowHXKUa84VM=
github.com/reima-ecom/reima-theme/v2 v2.66.0 h1:KA2CbvwiYQntNjHFmpf9wFrHKeh5uxSIJ7iSCxyqrDA=
github.com/reima-ecom/reima-theme/v2 v2.66.0/go.mod h1:qSn79c6jXvrwrRMfZ7idnWYEppdjhXlvowHXKUa84VM=
github.com/reima-ecom/reima-theme/v2 v2.67.0 h1:sV8bJ54KkllablxMoXsvtwokVVkVH+XmPv6lzJCZ5+c=
github.com/reima-ecom/reima-theme/v2 v2.67.0/go.mod h1:qSn79c6jXvrwrRMfZ7idnWYEppdjhXlvowHXKUa84VM=
github.com/reima-ecom/reima-theme/v2 v2.67.1 h1:HVNjchBdecvKdfzhDOSVeaXI3MudnkfipxeTjwk0yHU=
github.com/reima-ecom/reima-theme/v2 v2.67.1/go.mod h1:qSn79c6jXvrwrRMfZ7idnWYEppdjhXlvowHXKUa84VM=
github.com/reima-ecom/reima-theme/v2 v2.67.2 h1:IcEOA9PLwd8yWMKIT53VM80tRj/St0KGVnW88OmxBFo=
github.com/reima-ecom/reima-theme/v2 v2.67.2/go.mod h1:qSn79c6jXvrwrRMfZ7idnWYEppdjhXlvowHXKUa84VM=
github.com/reima-ecom/reima-theme/v2 v2.67.3 h1:YhCC25O1EXBFg2TyhCNxs+viXE0MHBLE9dcqpAiUAeY=
github.com/reima-ecom/reima-theme/v2 v2.67.3/go.mod h1:qSn79c6jXvrwrRMfZ7idnWYEppdjhXlvowHXKUa84VM=
github.com/reima-ecom/reima-theme/v2 v2.68.0 h1:WA65Ywe80d6z2hM2ZP2rktlls+R2dRSr7Yy+cQRxyx4=
github.com/reima-ecom/reima-theme/v2 v2.68.0/go.mod h1:qSn79c6jXvrwrRMfZ7idnWYEppdjhXlvowHXKUa84VM=
github.com/reima-ecom/reima-theme/v2 v2.68.1 h1:/VZC8sLFbaOjog94aD0L7BCp7++rZG/UJZaQ5SKG4Wk=
github.com/reima-ecom/reima-theme/v2 v2.68.1/go.mod h1:qSn79c6jXvrwrRMfZ7idnWYEppdjhXlvowHXKUa84VM=
github.com/reima-ecom/reima-theme/v2 v2.68.2 h1:dxoSkS/xM/Hic6ONy0WN5fJZhHCWTXNirJExXBPbLwI=
github.com/reima-ecom/reima-theme/v2 v2.68.2/go.mod h1:qSn79c6jXvrwrRMfZ7idnWYEppdjhXlvowHXKUa84VM=
github.com/reima-ecom/reima-theme/v2 v2.69.0 h1:824siYdNEnTZc2QqLjov+Cle0PWYK52Ih/NPaMnTjU0=
github.com/reima-ecom/reima-theme/v2 v2.69.0/go.mod h1:qSn79c6jXvrwrRMfZ7idnWYEppdjhXlvowHXKUa84VM=
github.com/reima-ecom/reima-theme/v2 v2.70.0 h1:OtoIW41m516NvDL59P705wST9iyIOcxl6Gs3jC3W2Ig=
github.com/reima-ecom/reima-theme/v2 v2.70.0/go.mod h1:qSn79c6jXvrwrRMfZ7idnWYEppdjhXlvowHXKUa84VM=
github.com/reima-ecom/reima-theme/v2 v2.71.0 h1:5T+0DP2Vh2/FTwNgZ4BWlSu83Oo8eRVktj6rof18dpk=
github.com/reima-ecom/reima-theme/v2 v2.71.0/go.mod h1:qSn79c6jXvrwrRMfZ7idnWYEppdjhXlvowHXKUa84VM=
github.com/reima-ecom/reima-theme/v2 v2.71.1 h1:AZ2MzLp/o0RspvuHrrSKQF9eMLg2NV+0vfYv+UbEJMw=
github.com/reima-ecom/reima-theme/v2 v2.71.1/go.mod h1:qSn79c6jXvrwrRMfZ7idnWYEppdjhXlvowHXKUa84VM=
github.com/reima-ecom/reima-theme/v2 v2.72.0 h1:gLUaHu/PYNuvfax9DA9o4d4OKFV9uwmkZFw1IMAEqEQ=
github.com/reima-ecom/reima-theme/v2 v2.72.0/go.mod h1:qSn79c6jXvrwrRMfZ7idnWYEppdjhXlvowHXKUa84VM=
github.com/reima-ecom/reima-theme/v2 v2.72.1 h1:IirWiMBcN5snPVH9O0BQA9pIMVjJcQTqRAzJBri0nrg=
github.com/reima-ecom/reima-theme/v2 v2.72.1/go.mod h1:qSn79c6jXvrwrRMfZ7idnWYEppdjhXlvowHXKUa84VM=
github.com/reima-ecom/reima-theme/v2 v2.73.0 h1:vgPJJrD4K2V8me85LdquSO6VVt8YpRR5VBDAB+uIHaY=
github.com/reima-ecom/reima-theme/v2 v2.73.0/go.mod h1:qSn79c6jXvrwrRMfZ7idnWYEppdjhXlvowHXKUa84VM=
github.com/reima-ecom/reima-theme/v2 v2.73.1 h1:DP29ymCtbzCwMv6bQkdyajJsUPXvHB6d4kkwFU14v3c=
github.com/reima-ecom/reima-theme/v2 v2.73.1/go.mod h1:qSn79c6jXvrwrRMfZ7idnWYEppdjhXlvowHXKUa84VM=
github.com/reima-ecom/reima-theme/v2 v2.74.0 h1:5xvXBp/1uvrydRncSZhCGSerFJ0+AhyIXVvMPqGpXYc=
github.com/reima-ecom/reima-theme/v2 v2.74.0/go.mod h1:qSn79c6jXvrwrRMfZ7idnWYEppdjhXlvowHXKUa84VM=
github.com/reima-ecom/reima-theme/v2 v2.74.1 h1:XgnnZMSrxUMVEsnEv20OYBqkkXIgszBmZBFPhIh2bog=
github.com/reima-ecom/reima-theme/v2 v2.74.1/go.mod h1:qSn79c6jXvrwrRMfZ7idnWYEppdjhXlvowHXKUa84VM=
github.com/reima-ecom/reima-theme/v2 v2.75.0 h1:eLMt515SmP0YIzq3FiUtmFecdCHYFZVCreqJ1+mtv8g=
github.com/reima-ecom/reima-theme/v2 v2.75.0/go.mod h1:qSn79c6jXvrwrRMfZ7idnWYEppdjhXlvowHXKUa84VM=
github.com/reima-ecom/reima-theme/v2 v2.76.0 h1:FvJYGURV00ICcjWuTW/0VhGpCHDT/7uL1AcP7gXd3FY=
github.com/reima-ecom/reima-theme/v2 v2.76.0/go.mod h1:qSn79c6jXvrwrRMfZ7idnWYEppdjhXlvowHXKUa84VM=
